
Microsoft Visual Studio Solution File, Format Version 12.00
# Visual Studio Version 16
VisualStudioVersion = 16.0.31205.134
MinimumVisualStudioVersion = 10.0.40219.1
Project("{FAE04EC0-301F-11D3-BF4B-00C04F79EFBC}") = "UniLibProject", "UniLibProject\UniLibProject.csproj", "{DE5CB84E-9E03-43D3-9880-19B79BAD8011}"
EndProject
Global
	GlobalSection(SolutionConfigurationPlatforms) = preSolution
		Debug|Any CPU = Debug|Any CPU
		Release|Any CPU = Release|Any CPU
	EndGlobalSection
	GlobalSection(ProjectConfigurationPlatforms) = postSolution
		{DE5CB84E-9E03-43D3-9880-19B79BAD8011}.Debug|Any CPU.ActiveCfg = Debug|Any CPU
		{DE5CB84E-9E03-43D3-9880-19B79BAD8011}.Debug|Any CPU.Build.0 = Debug|Any CPU
		{DE5CB84E-9E03-43D3-9880-19B79BAD8011}.Release|Any CPU.ActiveCfg = Release|Any CPU
		{DE5CB84E-9E03-43D3-9880-19B79BAD8011}.Release|Any CPU.Build.0 = Release|Any CPU
	EndGlobalSection
	GlobalSection(SolutionProperties) = preSolution
		HideSolutionNode = FALSE
	EndGlobalSection
	GlobalSection(ExtensibilityGlobals) = postSolution
		SolutionGuid = {6A9B605D-CB90-410B-958D-7F7FC45A0BC3}
	EndGlobalSection
EndGlobal
